
Microsoft Visual Studio Solution File, Format Version 12.00
# Visual Studio 15
Project("{FAE04EC0-301F-11D3-BF4B-00C04F79EFBC}") = "Ev3Dev.CSharp", "src\Ev3Dev.CSharp\Ev3Dev.CSharp.csproj", "{05013453-D31B-4878-815B-F16E7A869E98}"
EndProject
Project("{FAE04EC0-301F-11D3-BF4B-00C04F79EFBC}") = "Ev3Dev.CSharp.BasicDevices", "src\Ev3Dev.CSharp.BasicDevices\Ev3Dev.CSharp.BasicDevices.csproj", "{102FCEA0-2502-4952-9A43-A3DCE7E9E63C}"
EndProject
Project("{FAE04EC0-301F-11D3-BF4B-00C04F79EFBC}") = "Ev3Dev.CSharp.EvA", "src\Ev3Dev.CSharp.EvA\Ev3Dev.CSharp.EvA.csproj", "{A1E8774F-81C8-4F06-A708-CD139B462679}"
EndProject
Project("{FAE04EC0-301F-11D3-BF4B-00C04F79EFBC}") = "Ev3Dev.CSharp.Demos", "src\Ev3Dev.CSharp.Demos\Ev3Dev.CSharp.Demos.csproj", "{B6B06A9B-1BFD-49CD-BC6E-5115B7C852E4}"
EndProject
Project("{FAE04EC0-301F-11D3-BF4B-00C04F79EFBC}") = "Ev3Dev.CSharp.EvaBenchmark", "test\Ev3Dev.CSharp.EvaBenchmark\Ev3Dev.CSharp.EvaBenchmark.csproj", "{0CB123CA-EEBA-420C-AF75-F6E2461BA7A7}"
EndProject
Project("{FAE04EC0-301F-11D3-BF4B-00C04F79EFBC}") = "Ev3Dev.CSharp.EvaTest", "test\Ev3Dev.CSharp.EvaTest\Ev3Dev.CSharp.EvaTest.csproj", "{02E4FE0B-FAC8-426A-8271-4FDBBF58E2A1}"
EndProject
Global
	GlobalSection(SolutionConfigurationPlatforms) = preSolution
		Debug|anycpu = Debug|anycpu
		Release|anycpu = Release|anycpu
	EndGlobalSection
	GlobalSection(ProjectConfigurationPlatforms) = postSolution
		{05013453-D31B-4878-815B-F16E7A869E98}.Debug|anycpu.ActiveCfg = Debug|Any CPU
		{05013453-D31B-4878-815B-F16E7A869E98}.Debug|anycpu.Build.0 = Debug|Any CPU
		{05013453-D31B-4878-815B-F16E7A869E98}.Release|anycpu.ActiveCfg = Release|Any CPU
		{05013453-D31B-4878-815B-F16E7A869E98}.Release|anycpu.Build.0 = Release|Any CPU
		{102FCEA0-2502-4952-9A43-A3DCE7E9E63C}.Debug|anycpu.ActiveCfg = Debug|Any CPU
		{102FCEA0-2502-4952-9A43-A3DCE7E9E63C}.Debug|anycpu.Build.0 = Debug|Any CPU
		{102FCEA0-2502-4952-9A43-A3DCE7E9E63C}.Release|anycpu.ActiveCfg = Release|Any CPU
		{102FCEA0-2502-4952-9A43-A3DCE7E9E63C}.Release|anycpu.Build.0 = Release|Any CPU
		{A1E8774F-81C8-4F06-A708-CD139B462679}.Debug|anycpu.ActiveCfg = Debug|Any CPU
		{A1E8774F-81C8-4F06-A708-CD139B462679}.Debug|anycpu.Build.0 = Debug|Any CPU
		{A1E8774F-81C8-4F06-A708-CD139B462679}.Release|anycpu.ActiveCfg = Release|Any CPU
		{A1E8774F-81C8-4F06-A708-CD139B462679}.Release|anycpu.Build.0 = Release|Any CPU
		{B6B06A9B-1BFD-49CD-BC6E-5115B7C852E4}.Debug|anycpu.ActiveCfg = Debug|anycpu
		{B6B06A9B-1BFD-49CD-BC6E-5115B7C852E4}.Debug|anycpu.Build.0 = Debug|anycpu
		{B6B06A9B-1BFD-49CD-BC6E-5115B7C852E4}.Release|anycpu.ActiveCfg = Release|anycpu
		{B6B06A9B-1BFD-49CD-BC6E-5115B7C852E4}.Release|anycpu.Build.0 = Release|anycpu
		{0CB123CA-EEBA-420C-AF75-F6E2461BA7A7}.Debug|anycpu.ActiveCfg = Debug|anycpu
		{0CB123CA-EEBA-420C-AF75-F6E2461BA7A7}.Debug|anycpu.Build.0 = Debug|anycpu
		{0CB123CA-EEBA-420C-AF75-F6E2461BA7A7}.Release|anycpu.ActiveCfg = Release|anycpu
		{0CB123CA-EEBA-420C-AF75-F6E2461BA7A7}.Release|anycpu.Build.0 = Release|anycpu
		{02E4FE0B-FAC8-426A-8271-4FDBBF58E2A1}.Debug|anycpu.ActiveCfg = Debug|anycpu
		{02E4FE0B-FAC8-426A-8271-4FDBBF58E2A1}.Debug|anycpu.Build.0 = Debug|anycpu
		{02E4FE0B-FAC8-426A-8271-4FDBBF58E2A1}.Release|anycpu.ActiveCfg = Release|anycpu
		{02E4FE0B-FAC8-426A-8271-4FDBBF58E2A1}.Release|anycpu.Build.0 = Release|anycpu
	EndGlobalSection
EndGlobal
